
Microsoft Visual Studio Solution File, Format Version 12.00
# Visual Studio Version 16
VisualStudioVersion = 16.0.30523.141
MinimumVisualStudioVersion = 10.0.40219.1
Project("{8BC9CEB8-8B4A-11D0-8D11-00A0C91BC942}") = "Lab 1", "My Labs C++.vcxproj", "{3EDFF17E-DE2E-4DEF-92EE-DEF8C204CF9E}"
EndProject
Project("{8BC9CEB8-8B4A-11D0-8D11-00A0C91BC942}") = "Lab 2", "Lab 2\Lab 2.vcxproj", "{8887CD1B-66BB-4F51-A2B0-9939B9600486}"
EndProject
Project("{8BC9CEB8-8B4A-11D0-8D11-00A0C91BC942}") = "Lab 3", "Lab 3\Lab 3.vcxproj", "{1398E0B6-04EE-4615-9210-6C173F7C9796}"
EndProject
Project("{8BC9CEB8-8B4A-11D0-8D11-00A0C91BC942}") = "Lab 4", "Lab 4\Lab 4.vcxproj", "{20F5C4C3-355F-4F95-85E1-FA0F0F6D894F}"
EndProject
Project("{8BC9CEB8-8B4A-11D0-8D11-00A0C91BC942}") = "Lab-5", "Lab-5\Lab-5.vcxproj", "{0DBBA77C-8B4C-4F17-8F19-B7BA0027583E}"
EndProject
Project("{8BC9CEB8-8B4A-11D0-8D11-00A0C91BC942}") = "Lab-6", "Lab-6\Lab-6.vcxproj", "{F41E0E3B-7119-4336-86E3-D0044CD44639}"
EndProject
Project("{8BC9CEB8-8B4A-11D0-8D11-00A0C91BC942}") = "Lab-7", "Lab-7\Lab-7.vcxproj", "{A4FF0E75-7ACF-49CF-A4B6-285D271127FA}"
EndProject
Project("{8BC9CEB8-8B4A-11D0-8D11-00A0C91BC942}") = "Lab8", "Lab8\Lab8.vcxproj", "{166A025B-FD6A-421D-9596-12A3A8A9BAB7}"
EndProject
Global
	GlobalSection(SolutionConfigurationPlatforms) = preSolution
		Debug|x64 = Debug|x64
		Debug|x86 = Debug|x86
		Release|x64 = Release|x64
		Release|x86 = Release|x86
	EndGlobalSection
	GlobalSection(ProjectConfigurationPlatforms) = postSolution
		{3EDFF17E-DE2E-4DEF-92EE-DEF8C204CF9E}.Debug|x64.ActiveCfg = Debug|x64
		{3EDFF17E-DE2E-4DEF-92EE-DEF8C204CF9E}.Debug|x64.Build.0 = Debug|x64
		{3EDFF17E-DE2E-4DEF-92EE-DEF8C204CF9E}.Debug|x86.ActiveCfg = Debug|Win32
		{3EDFF17E-DE2E-4DEF-92EE-DEF8C204CF9E}.Debug|x86.Build.0 = Debug|Win32
		{3EDFF17E-DE2E-4DEF-92EE-DEF8C204CF9E}.Release|x64.ActiveCfg = Release|x64
		{3EDFF17E-DE2E-4DEF-92EE-DEF8C204CF9E}.Release|x64.Build.0 = Release|x64
		{3EDFF17E-DE2E-4DEF-92EE-DEF8C204CF9E}.Release|x86.ActiveCfg = Release|Win32
		{3EDFF17E-DE2E-4DEF-92EE-DEF8C204CF9E}.Release|x86.Build.0 = Release|Win32
		{8887CD1B-66BB-4F51-A2B0-9939B9600486}.Debug|x64.ActiveCfg = Debug|x64
		{8887CD1B-66BB-4F51-A2B0-9939B9600486}.Debug|x64.Build.0 = Debug|x64
		{8887CD1B-66BB-4F51-A2B0-9939B9600486}.Debug|x86.ActiveCfg = Debug|Win32
		{8887CD1B-66BB-4F51-A2B0-9939B9600486}.Debug|x86.Build.0 = Debug|Win32
		{8887CD1B-66BB-4F51-A2B0-9939B9600486}.Release|x64.ActiveCfg = Release|x64
		{8887CD1B-66BB-4F51-A2B0-9939B9600486}.Release|x64.Build.0 = Release|x64
		{8887CD1B-66BB-4F51-A2B0-9939B9600486}.Release|x86.ActiveCfg = Release|Win32
		{8887CD1B-66BB-4F51-A2B0-9939B9600486}.Release|x86.Build.0 = Release|Win32
		{1398E0B6-04EE-4615-9210-6C173F7C9796}.Debug|x64.ActiveCfg = Debug|x64
		{1398E0B6-04EE-4615-9210-6C173F7C9796}.Debug|x64.Build.0 = Debug|x64
		{1398E0B6-04EE-4615-9210-6C173F7C9796}.Debug|x86.ActiveCfg = Debug|Win32
		{1398E0B6-04EE-4615-9210-6C173F7C9796}.Debug|x86.Build.0 = Debug|Win32
		{1398E0B6-04EE-4615-9210-6C173F7C9796}.Release|x64.ActiveCfg = Release|x64
		{1398E0B6-04EE-4615-9210-6C173F7C9796}.Release|x64.Build.0 = Release|x64
		{1398E0B6-04EE-4615-9210-6C173F7C9796}.Release|x86.ActiveCfg = Release|Win32
		{1398E0B6-04EE-4615-9210-6C173F7C9796}.Release|x86.Build.0 = Release|Win32
		{20F5C4C3-355F-4F95-85E1-FA0F0F6D894F}.Debug|x64.ActiveCfg = Debug|x64
		{20F5C4C3-355F-4F95-85E1-FA0F0F6D894F}.Debug|x64.Build.0 = Debug|x64
		{20F5C4C3-355F-4F95-85E1-FA0F0F6D894F}.Debug|x86.ActiveCfg = Debug|Win32
		{20F5C4C3-355F-4F95-85E1-FA0F0F6D894F}.Debug|x86.Build.0 = Debug|Win32
		{20F5C4C3-355F-4F95-85E1-FA0F0F6D894F}.Release|x64.ActiveCfg = Release|x64
		{20F5C4C3-355F-4F95-85E1-FA0F0F6D894F}.Release|x64.Build.0 = Release|x64
		{20F5C4C3-355F-4F95-85E1-FA0F0F6D894F}.Release|x86.ActiveCfg = Release|Win32
		{20F5C4C3-355F-4F95-85E1-FA0F0F6D894F}.Release|x86.Build.0 = Release|Win32
		{0DBBA77C-8B4C-4F17-8F19-B7BA0027583E}.Debug|x64.ActiveCfg = Debug|x64
		{0DBBA77C-8B4C-4F17-8F19-B7BA0027583E}.Debug|x64.Build.0 = Debug|x64
		{0DBBA77C-8B4C-4F17-8F19-B7BA0027583E}.Debug|x86.ActiveCfg = Debug|Win32
		{0DBBA77C-8B4C-4F17-8F19-B7BA0027583E}.Debug|x86.Build.0 = Debug|Win32
		{0DBBA77C-8B4C-4F17-8F19-B7BA0027583E}.Release|x64.ActiveCfg = Release|x64
		{0DBBA77C-8B4C-4F17-8F19-B7BA0027583E}.Release|x64.Build.0 = Release|x64
		{0DBBA77C-8B4C-4F17-8F19-B7BA0027583E}.Release|x86.ActiveCfg = Release|Win32
		{0DBBA77C-8B4C-4F17-8F19-B7BA0027583E}.Release|x86.Build.0 = Release|Win32
		{F41E0E3B-7119-4336-86E3-D0044CD44639}.Debug|x64.ActiveCfg = Debug|x64
		{F41E0E3B-7119-4336-86E3-D0044CD44639}.Debug|x64.Build.0 = Debug|x64
		{F41E0E3B-7119-4336-86E3-D0044CD44639}.Debug|x86.ActiveCfg = Debug|Win32
		{F41E0E3B-7119-4336-86E3-D0044CD44639}.Debug|x86.Build.0 = Debug|Win32
		{F41E0E3B-7119-4336-86E3-D0044CD44639}.Release|x64.ActiveCfg = Release|x64
		{F41E0E3B-7119-4336-86E3-D0044CD44639}.Release|x64.Build.0 = Release|x64
		{F41E0E3B-7119-4336-86E3-D0044CD44639}.Release|x86.ActiveCfg = Release|Win32
		{F41E0E3B-7119-4336-86E3-D0044CD44639}.Release|x86.Build.0 = Release|Win32
		{A4FF0E75-7ACF-49CF-A4B6-285D271127FA}.Debug|x64.ActiveCfg = Debug|x64
		{A4FF0E75-7ACF-49CF-A4B6-285D271127FA}.Debug|x64.Build.0 = Debug|x64
		{A4FF0E75-7ACF-49CF-A4B6-285D271127FA}.Debug|x86.ActiveCfg = Debug|Win32
		{A4FF0E75-7ACF-49CF-A4B6-285D271127FA}.Debug|x86.Build.0 = Debug|Win32
		{A4FF0E75-7ACF-49CF-A4B6-285D271127FA}.Release|x64.ActiveCfg = Release|x64
		{A4FF0E75-7ACF-49CF-A4B6-285D271127FA}.Release|x64.Build.0 = Release|x64
		{A4FF0E75-7ACF-49CF-A4B6-285D271127FA}.Release|x86.ActiveCfg = Release|Win32
		{A4FF0E75-7ACF-49CF-A4B6-285D271127FA}.Release|x86.Build.0 = Release|Win32
		{166A025B-FD6A-421D-9596-12A3A8A9BAB7}.Debug|x64.ActiveCfg = Debug|x64
		{166A025B-FD6A-421D-9596-12A3A8A9BAB7}.Debug|x64.Build.0 = Debug|x64
		{166A025B-FD6A-421D-9596-12A3A8A9BAB7}.Debug|x86.ActiveCfg = Debug|Win32
		{166A025B-FD6A-421D-9596-12A3A8A9BAB7}.Debug|x86.Build.0 = Debug|Win32
		{166A025B-FD6A-421D-9596-12A3A8A9BAB7}.Release|x64.ActiveCfg = Release|x64
		{166A025B-FD6A-421D-9596-12A3A8A9BAB7}.Release|x64.Build.0 = Release|x64
		{166A025B-FD6A-421D-9596-12A3A8A9BAB7}.Release|x86.ActiveCfg = Release|Win32
		{166A025B-FD6A-421D-9596-12A3A8A9BAB7}.Release|x86.Build.0 = Release|Win32
	EndGlobalSection
	GlobalSection(SolutionProperties) = preSolution
		HideSolutionNode = FALSE
	EndGlobalSection
	GlobalSection(ExtensibilityGlobals) = postSolution
		SolutionGuid = {0D4FEE52-4D06-4E47-8240-2148D17505A7}
	EndGlobalSection
EndGlobal
